
Microsoft Visual Studio Solution File, Format Version 12.00
# Visual Studio 15
Project("{FAE04EC0-301F-11D3-BF4B-00C04F79EFBC}") = "Assembly-CSharp", "Assembly-CSharp.csproj", "{A92F36CD-9E42-E64D-6A40-5200E4B71F0D}"
EndProject
Global
	GlobalSection(SolutionConfigurationPlatforms) = preSolution
		Debug|Any CPU = Debug|Any CPU
		Release|Any CPU = Release|Any CPU
	EndGlobalSection
	GlobalSection(ProjectConfigurationPlatforms) = postSolution
		{A92F36CD-9E42-E64D-6A40-5200E4B71F0D}.Debug|Any CPU.ActiveCfg = Debug|Any CPU
		{A92F36CD-9E42-E64D-6A40-5200E4B71F0D}.Debug|Any CPU.Build.0 = Debug|Any CPU
		{A92F36CD-9E42-E64D-6A40-5200E4B71F0D}.Release|Any CPU.ActiveCfg = Release|Any CPU
		{A92F36CD-9E42-E64D-6A40-5200E4B71F0D}.Release|Any CPU.Build.0 = Release|Any CPU
	EndGlobalSection
	GlobalSection(SolutionProperties) = preSolution
		HideSolutionNode = FALSE
	EndGlobalSection
EndGlobal
